// !$*UTF8*$!
{
	archiveVersion = 1;
	classes = {
	};
	objectVersion = 56;
	objects = {

/* Begin PBXBuildFile section */
		3207D1122C357A80003146DD /* MealCard.swift in Sources */ = {isa = PBXBuildFile; fileRef = 3207D1112C357A80003146DD /* MealCard.swift */; };
		3207D1142C359977003146DD /* TotalDayCard.swift in Sources */ = {isa = PBXBuildFile; fileRef = 3207D1132C359977003146DD /* TotalDayCard.swift */; };
		3207D1162C35D172003146DD /* TotalChartView.swift in Sources */ = {isa = PBXBuildFile; fileRef = 3207D1152C35D172003146DD /* TotalChartView.swift */; };
		324F44F92C3358C7001B5FBB /* ReadFoodResponse.swift in Sources */ = {isa = PBXBuildFile; fileRef = 324F44F82C3358C7001B5FBB /* ReadFoodResponse.swift */; };
		324F44FB2C335DF9001B5FBB /* FoodModel.swift in Sources */ = {isa = PBXBuildFile; fileRef = 324F44FA2C335DF9001B5FBB /* FoodModel.swift */; };
		324F44FD2C337039001B5FBB /* ChartFoodView.swift in Sources */ = {isa = PBXBuildFile; fileRef = 324F44FC2C337039001B5FBB /* ChartFoodView.swift */; };
		324F44FF2C3422FA001B5FBB /* FoodData.swift in Sources */ = {isa = PBXBuildFile; fileRef = 324F44FE2C3422FA001B5FBB /* FoodData.swift */; };
		3268BF9F2C2AF04D00E1F765 /* CaloriesCounterApp.swift in Sources */ = {isa = PBXBuildFile; fileRef = 3268BF9E2C2AF04D00E1F765 /* CaloriesCounterApp.swift */; };
		3268BFA12C2AF04D00E1F765 /* InitialView.swift in Sources */ = {isa = PBXBuildFile; fileRef = 3268BFA02C2AF04D00E1F765 /* InitialView.swift */; };
		3268BFA32C2AF04E00E1F765 /* Assets.xcassets in Resources */ = {isa = PBXBuildFile; fileRef = 3268BFA22C2AF04E00E1F765 /* Assets.xcassets */; };
		3268BFA62C2AF04E00E1F765 /* Preview Assets.xcassets in Resources */ = {isa = PBXBuildFile; fileRef = 3268BFA52C2AF04E00E1F765 /* Preview Assets.xcassets */; };
		3268BFAD2C2B00FD00E1F765 /* CameraView.swift in Sources */ = {isa = PBXBuildFile; fileRef = 3268BFAC2C2B00FD00E1F765 /* CameraView.swift */; };
		3268BFAF2C2B013700E1F765 /* CameraModel.swift in Sources */ = {isa = PBXBuildFile; fileRef = 3268BFAE2C2B013700E1F765 /* CameraModel.swift */; };
		3268BFB12C2B10AE00E1F765 /* CameraPreview.swift in Sources */ = {isa = PBXBuildFile; fileRef = 3268BFB02C2B10AE00E1F765 /* CameraPreview.swift */; };
		3268BFB52C2C39DE00E1F765 /* AnalysingView.swift in Sources */ = {isa = PBXBuildFile; fileRef = 3268BFB42C2C39DE00E1F765 /* AnalysingView.swift */; };
		3268BFB72C2C5CF400E1F765 /* DataLoader.swift in Sources */ = {isa = PBXBuildFile; fileRef = 3268BFB62C2C5CF400E1F765 /* DataLoader.swift */; };
		3268BFBA2C2C5DA800E1F765 /* SwiftOpenAI in Frameworks */ = {isa = PBXBuildFile; productRef = 3268BFB92C2C5DA800E1F765 /* SwiftOpenAI */; };
		3268BFBC2C2C650F00E1F765 /* DataManager.swift in Sources */ = {isa = PBXBuildFile; fileRef = 3268BFBB2C2C650F00E1F765 /* DataManager.swift */; };
		328A5C692C304EF500C021EB /* AppConstants.swift in Sources */ = {isa = PBXBuildFile; fileRef = 328A5C682C304EF500C021EB /* AppConstants.swift */; };
/* End PBXBuildFile section */

/* Begin PBXFileReference section */
		3207D1112C357A80003146DD /* MealCard.swift */ = {isa = PBXFileReference; lastKnownFileType = sourcecode.swift; path = MealCard.swift; sourceTree = "<group>"; };
		3207D1132C359977003146DD /* TotalDayCard.swift */ = {isa = PBXFileReference; lastKnownFileType = sourcecode.swift; path = TotalDayCard.swift; sourceTree = "<group>"; };
		3207D1152C35D172003146DD /* TotalChartView.swift */ = {isa = PBXFileReference; lastKnownFileType = sourcecode.swift; path = TotalChartView.swift; sourceTree = "<group>"; };
		324F44F82C3358C7001B5FBB /* ReadFoodResponse.swift */ = {isa = PBXFileReference; lastKnownFileType = sourcecode.swift; path = ReadFoodResponse.swift; sourceTree = "<group>"; };
		324F44FA2C335DF9001B5FBB /* FoodModel.swift */ = {isa = PBXFileReference; lastKnownFileType = sourcecode.swift; path = FoodModel.swift; sourceTree = "<group>"; };
		324F44FC2C337039001B5FBB /* ChartFoodView.swift */ = {isa = PBXFileReference; lastKnownFileType = sourcecode.swift; path = ChartFoodView.swift; sourceTree = "<group>"; };
		324F44FE2C3422FA001B5FBB /* FoodData.swift */ = {isa = PBXFileReference; lastKnownFileType = sourcecode.swift; path = FoodData.swift; sourceTree = "<group>"; };
		3268BF9B2C2AF04D00E1F765 /* CaloriesCounter.app */ = {isa = PBXFileReference; explicitFileType = wrapper.application; includeInIndex = 0; path = CaloriesCounter.app; sourceTree = BUILT_PRODUCTS_DIR; };
		3268BF9E2C2AF04D00E1F765 /* CaloriesCounterApp.swift */ = {isa = PBXFileReference; lastKnownFileType = sourcecode.swift; path = CaloriesCounterApp.swift; sourceTree = "<group>"; };
		3268BFA02C2AF04D00E1F765 /* InitialView.swift */ = {isa = PBXFileReference; lastKnownFileType = sourcecode.swift; path = InitialView.swift; sourceTree = "<group>"; };
		3268BFA22C2AF04E00E1F765 /* Assets.xcassets */ = {isa = PBXFileReference; lastKnownFileType = folder.assetcatalog; path = Assets.xcassets; sourceTree = "<group>"; };
		3268BFA52C2AF04E00E1F765 /* Preview Assets.xcassets */ = {isa = PBXFileReference; lastKnownFileType = folder.assetcatalog; path = "Preview Assets.xcassets"; sourceTree = "<group>"; };
		3268BFAC2C2B00FD00E1F765 /* CameraView.swift */ = {isa = PBXFileReference; lastKnownFileType = sourcecode.swift; path = CameraView.swift; sourceTree = "<group>"; };
		3268BFAE2C2B013700E1F765 /* CameraModel.swift */ = {isa = PBXFileReference; lastKnownFileType = sourcecode.swift; path = CameraModel.swift; sourceTree = "<group>"; };
		3268BFB02C2B10AE00E1F765 /* CameraPreview.swift */ = {isa = PBXFileReference; lastKnownFileType = sourcecode.swift; path = CameraPreview.swift; sourceTree = "<group>"; };
		3268BFB42C2C39DE00E1F765 /* AnalysingView.swift */ = {isa = PBXFileReference; lastKnownFileType = sourcecode.swift; path = AnalysingView.swift; sourceTree = "<group>"; };
		3268BFB62C2C5CF400E1F765 /* DataLoader.swift */ = {isa = PBXFileReference; lastKnownFileType = sourcecode.swift; path = DataLoader.swift; sourceTree = "<group>"; };
		3268BFBB2C2C650F00E1F765 /* DataManager.swift */ = {isa = PBXFileReference; lastKnownFileType = sourcecode.swift; path = DataManager.swift; sourceTree = "<group>"; };
		328A5C682C304EF500C021EB /* AppConstants.swift */ = {isa = PBXFileReference; lastKnownFileType = sourcecode.swift; path = AppConstants.swift; sourceTree = "<group>"; };
/* End PBXFileReference section */

/* Begin PBXFrameworksBuildPhase section */
		3268BF982C2AF04D00E1F765 /* Frameworks */ = {
			isa = PBXFrameworksBuildPhase;
			buildActionMask = 2147483647;
			files = (
				3268BFBA2C2C5DA800E1F765 /* SwiftOpenAI in Frameworks */,
			);
			runOnlyForDeploymentPostprocessing = 0;
		};
/* End PBXFrameworksBuildPhase section */

/* Begin PBXGroup section */
		3268BF922C2AF04D00E1F765 = {
			isa = PBXGroup;
			children = (
				3207D1152C35D172003146DD /* TotalChartView.swift */,
				3207D1132C359977003146DD /* TotalDayCard.swift */,
				3207D1112C357A80003146DD /* MealCard.swift */,
				324F44FE2C3422FA001B5FBB /* FoodData.swift */,
				324F44FC2C337039001B5FBB /* ChartFoodView.swift */,
				324F44FA2C335DF9001B5FBB /* FoodModel.swift */,
				324F44F82C3358C7001B5FBB /* ReadFoodResponse.swift */,
				328A5C682C304EF500C021EB /* AppConstants.swift */,
				3268BFBB2C2C650F00E1F765 /* DataManager.swift */,
				3268BFB62C2C5CF400E1F765 /* DataLoader.swift */,
				3268BF9D2C2AF04D00E1F765 /* CaloriesCounter */,
				3268BF9C2C2AF04D00E1F765 /* Products */,
			);
			sourceTree = "<group>";
		};
		3268BF9C2C2AF04D00E1F765 /* Products */ = {
			isa = PBXGroup;
			children = (
				3268BF9B2C2AF04D00E1F765 /* CaloriesCounter.app */,
			);
			name = Products;
			sourceTree = "<group>";
		};
		3268BF9D2C2AF04D00E1F765 /* CaloriesCounter */ = {
			isa = PBXGroup;
			children = (
				3268BF9E2C2AF04D00E1F765 /* CaloriesCounterApp.swift */,
				3268BFA02C2AF04D00E1F765 /* InitialView.swift */,
				3268BFAC2C2B00FD00E1F765 /* CameraView.swift */,
				3268BFAE2C2B013700E1F765 /* CameraModel.swift */,
				3268BFB02C2B10AE00E1F765 /* CameraPreview.swift */,
				3268BFB42C2C39DE00E1F765 /* AnalysingView.swift */,
				3268BFA22C2AF04E00E1F765 /* Assets.xcassets */,
				3268BFA42C2AF04E00E1F765 /* Preview Content */,
			);
			path = CaloriesCounter;
			sourceTree = "<group>";
		};
		3268BFA42C2AF04E00E1F765 /* Preview Content */ = {
			isa = PBXGroup;
			children = (
				3268BFA52C2AF04E00E1F765 /* Preview Assets.xcassets */,
			);
			path = "Preview Content";
			sourceTree = "<group>";
		};
/* End PBXGroup section */

/* Begin PBXNativeTarget section */
		3268BF9A2C2AF04D00E1F765 /* CaloriesCounter */ = {
			isa = PBXNativeTarget;
			buildConfigurationList = 3268BFA92C2AF04E00E1F765 /* Build configuration list for PBXNativeTarget "CaloriesCounter" */;
			buildPhases = (
				3268BF972C2AF04D00E1F765 /* Sources */,
				3268BF982C2AF04D00E1F765 /* Frameworks */,
				3268BF992C2AF04D00E1F765 /* Resources */,
			);
			buildRules = (
			);
			dependencies = (
			);
			name = CaloriesCounter;
			packageProductDependencies = (
				3268BFB92C2C5DA800E1F765 /* SwiftOpenAI */,
			);
			productName = CaloriesCounter;
			productReference = 3268BF9B2C2AF04D00E1F765 /* CaloriesCounter.app */;
			productType = "com.apple.product-type.application";
		};
/* End PBXNativeTarget section */

/* Begin PBXProject section */
		3268BF932C2AF04D00E1F765 /* Project object */ = {
			isa = PBXProject;
			attributes = {
				BuildIndependentTargetsInParallel = 1;
				LastSwiftUpdateCheck = 1530;
				LastUpgradeCheck = 1530;
				TargetAttributes = {
					3268BF9A2C2AF04D00E1F765 = {
						CreatedOnToolsVersion = 15.3;
					};
				};
			};
			buildConfigurationList = 3268BF962C2AF04D00E1F765 /* Build configuration list for PBXProject "CaloriesCounter" */;
			compatibilityVersion = "Xcode 14.0";
			developmentRegion = en;
			hasScannedForEncodings = 0;
			knownRegions = (
				en,
				Base,
			);
			mainGroup = 3268BF922C2AF04D00E1F765;
			packageReferences = (
				3268BFB82C2C5DA800E1F765 /* XCRemoteSwiftPackageReference "SwiftOpenAI" */,
			);
			productRefGroup = 3268BF9C2C2AF04D00E1F765 /* Products */;
			projectDirPath = "";
			projectRoot = "";
			targets = (
				3268BF9A2C2AF04D00E1F765 /* CaloriesCounter */,
			);
		};
/* End PBXProject section */

/* Begin PBXResourcesBuildPhase section */
		3268BF992C2AF04D00E1F765 /* Resources */ = {
			isa = PBXResourcesBuildPhase;
			buildActionMask = 2147483647;
			files = (
				3268BFA62C2AF04E00E1F765 /* Preview Assets.xcassets in Resources */,
				3268BFA32C2AF04E00E1F765 /* Assets.xcassets in Resources */,
			);
			runOnlyForDeploymentPostprocessing = 0;
		};
/* End PBXResourcesBuildPhase section */

/* Begin PBXSourcesBuildPhase section */
		3268BF972C2AF04D00E1F765 /* Sources */ = {
			isa = PBXSourcesBuildPhase;
			buildActionMask = 2147483647;
			files = (
				3207D1162C35D172003146DD /* TotalChartView.swift in Sources */,
				3268BFB12C2B10AE00E1F765 /* CameraPreview.swift in Sources */,
				328A5C692C304EF500C021EB /* AppConstants.swift in Sources */,
				3207D1122C357A80003146DD /* MealCard.swift in Sources */,
				324F44FB2C335DF9001B5FBB /* FoodModel.swift in Sources */,
				324F44FD2C337039001B5FBB /* ChartFoodView.swift in Sources */,
				3268BFBC2C2C650F00E1F765 /* DataManager.swift in Sources */,
				3268BFAD2C2B00FD00E1F765 /* CameraView.swift in Sources */,
				324F44FF2C3422FA001B5FBB /* FoodData.swift in Sources */,
				3207D1142C359977003146DD /* TotalDayCard.swift in Sources */,
				3268BFB72C2C5CF400E1F765 /* DataLoader.swift in Sources */,
				3268BFA12C2AF04D00E1F765 /* InitialView.swift in Sources */,
				3268BFB52C2C39DE00E1F765 /* AnalysingView.swift in Sources */,
				3268BFAF2C2B013700E1F765 /* CameraModel.swift in Sources */,
				324F44F92C3358C7001B5FBB /* ReadFoodResponse.swift in Sources */,
				3268BF9F2C2AF04D00E1F765 /* CaloriesCounterApp.swift in Sources */,
			);
			runOnlyForDeploymentPostprocessing = 0;
		};
/* End PBXSourcesBuildPhase section */

/* Begin XCBuildConfiguration section */
		3268BFA72C2AF04E00E1F765 /* Debug */ = {
			isa = XCBuildConfiguration;
			buildSettings = {
				ALWAYS_SEARCH_USER_PATHS = NO;
				ASSETCATALOG_COMPILER_GENERATE_SWIFT_ASSET_SYMBOL_EXTENSIONS = YES;
				CLANG_ANALYZER_NONNULL = YES;
				CLANG_ANALYZER_NUMBER_OBJECT_CONVERSION = YES_AGGRESSIVE;
				CLANG_CXX_LANGUAGE_STANDARD = "gnu++20";
				CLANG_ENABLE_MODULES = YES;
				CLANG_ENABLE_OBJC_ARC = YES;
				CLANG_ENABLE_OBJC_WEAK = YES;
				CLANG_WARN_BLOCK_CAPTURE_AUTORELEASING = YES;
				CLANG_WARN_BOOL_CONVERSION = YES;
				CLANG_WARN_COMMA = YES;
				CLANG_WARN_CONSTANT_CONVERSION = YES;
				CLANG_WARN_DEPRECATED_OBJC_IMPLEMENTATIONS = YES;
				CLANG_WARN_DIRECT_OBJC_ISA_USAGE = YES_ERROR;
				CLANG_WARN_DOCUMENTATION_COMMENTS = YES;
				CLANG_WARN_EMPTY_BODY = YES;
				CLANG_WARN_ENUM_CONVERSION = YES;
				CLANG_WARN_INFINITE_RECURSION = YES;
				CLANG_WARN_INT_CONVERSION = YES;
				CLANG_WARN_NON_LITERAL_NULL_CONVERSION = YES;
				CLANG_WARN_OBJC_IMPLICIT_RETAIN_SELF = YES;
				CLANG_WARN_OBJC_LITERAL_CONVERSION = YES;
				CLANG_WARN_OBJC_ROOT_CLASS = YES_ERROR;
				CLANG_WARN_QUOTED_INCLUDE_IN_FRAMEWORK_HEADER = YES;
				CLANG_WARN_RANGE_LOOP_ANALYSIS = YES;
				CLANG_WARN_STRICT_PROTOTYPES = YES;
				CLANG_WARN_SUSPICIOUS_MOVE = YES;
				CLANG_WARN_UNGUARDED_AVAILABILITY = YES_AGGRESSIVE;
				CLANG_WARN_UNREACHABLE_CODE = YES;
				CLANG_WARN__DUPLICATE_METHOD_MATCH = YES;
				COPY_PHASE_STRIP = NO;
				DEBUG_INFORMATION_FORMAT = dwarf;
				ENABLE_STRICT_OBJC_MSGSEND = YES;
				ENABLE_TESTABILITY = YES;
				ENABLE_USER_SCRIPT_SANDBOXING = YES;
				GCC_C_LANGUAGE_STANDARD = gnu17;
				GCC_DYNAMIC_NO_PIC = NO;
				GCC_NO_COMMON_BLOCKS = YES;
				GCC_OPTIMIZATION_LEVEL = 0;
				GCC_PREPROCESSOR_DEFINITIONS = (
					"DEBUG=1",
					"$(inherited)",
				);
				GCC_WARN_64_TO_32_BIT_CONVERSION = YES;
				GCC_WARN_ABOUT_RETURN_TYPE = YES_ERROR;
				GCC_WARN_UNDECLARED_SELECTOR = YES;
				GCC_WARN_UNINITIALIZED_AUTOS = YES_AGGRESSIVE;
				GCC_WARN_UNUSED_FUNCTION = YES;
				GCC_WARN_UNUSED_VARIABLE = YES;
				IPHONEOS_DEPLOYMENT_TARGET = 17.4;
				LOCALIZATION_PREFERS_STRING_CATALOGS = YES;
				MTL_ENABLE_DEBUG_INFO = INCLUDE_SOURCE;
				MTL_FAST_MATH = YES;
				ONLY_ACTIVE_ARCH = YES;
				SDKROOT = iphoneos;
				SWIFT_ACTIVE_COMPILATION_CONDITIONS = "DEBUG $(inherited)";
				SWIFT_OPTIMIZATION_LEVEL = "-Onone";
			};
			name = Debug;
		};
		3268BFA82C2AF04E00E1F765 /* Release */ = {
			isa = XCBuildConfiguration;
			buildSettings = {
				ALWAYS_SEARCH_USER_PATHS = NO;
				ASSETCATALOG_COMPILER_GENERATE_SWIFT_ASSET_SYMBOL_EXTENSIONS = YES;
				CLANG_ANALYZER_NONNULL = YES;
				CLANG_ANALYZER_NUMBER_OBJECT_CONVERSION = YES_AGGRESSIVE;
				CLANG_CXX_LANGUAGE_STANDARD = "gnu++20";
				CLANG_ENABLE_MODULES = YES;
				CLANG_ENABLE_OBJC_ARC = YES;
				CLANG_ENABLE_OBJC_WEAK = YES;
				CLANG_WARN_BLOCK_CAPTURE_AUTORELEASING = YES;
				CLANG_WARN_BOOL_CONVERSION = YES;
				CLANG_WARN_COMMA = YES;
				CLANG_WARN_CONSTANT_CONVERSION = YES;
				CLANG_WARN_DEPRECATED_OBJC_IMPLEMENTATIONS = YES;
				CLANG_WARN_DIRECT_OBJC_ISA_USAGE = YES_ERROR;
				CLANG_WARN_DOCUMENTATION_COMMENTS = YES;
				CLANG_WARN_EMPTY_BODY = YES;
				CLANG_WARN_ENUM_CONVERSION = YES;
				CLANG_WARN_INFINITE_RECURSION = YES;
				CLANG_WARN_INT_CONVERSION = YES;
				CLANG_WARN_NON_LITERAL_NULL_CONVERSION = YES;
				CLANG_WARN_OBJC_IMPLICIT_RETAIN_SELF = YES;
				CLANG_WARN_OBJC_LITERAL_CONVERSION = YES;
				CLANG_WARN_OBJC_ROOT_CLASS = YES_ERROR;
				CLANG_WARN_QUOTED_INCLUDE_IN_FRAMEWORK_HEADER = YES;
				CLANG_WARN_RANGE_LOOP_ANALYSIS = YES;
				CLANG_WARN_STRICT_PROTOTYPES = YES;
				CLANG_WARN_SUSPICIOUS_MOVE = YES;
				CLANG_WARN_UNGUARDED_AVAILABILITY = YES_AGGRESSIVE;
				CLANG_WARN_UNREACHABLE_CODE = YES;
				CLANG_WARN__DUPLICATE_METHOD_MATCH = YES;
				COPY_PHASE_STRIP = NO;
				DEBUG_INFORMATION_FORMAT = "dwarf-with-dsym";
				ENABLE_NS_ASSERTIONS = NO;
				ENABLE_STRICT_OBJC_MSGSEND = YES;
				ENABLE_USER_SCRIPT_SANDBOXING = YES;
				GCC_C_LANGUAGE_STANDARD = gnu17;
				GCC_NO_COMMON_BLOCKS = YES;
				GCC_WARN_64_TO_32_BIT_CONVERSION = YES;
				GCC_WARN_ABOUT_RETURN_TYPE = YES_ERROR;
				GCC_WARN_UNDECLARED_SELECTOR = YES;
				GCC_WARN_UNINITIALIZED_AUTOS = YES_AGGRESSIVE;
				GCC_WARN_UNUSED_FUNCTION = YES;
				GCC_WARN_UNUSED_VARIABLE = YES;
				IPHONEOS_DEPLOYMENT_TARGET = 17.4;
				LOCALIZATION_PREFERS_STRING_CATALOGS = YES;
				MTL_ENABLE_DEBUG_INFO = NO;
				MTL_FAST_MATH = YES;
				SDKROOT = iphoneos;
				SWIFT_COMPILATION_MODE = wholemodule;
				VALIDATE_PRODUCT = YES;
			};
			name = Release;
		};
		3268BFAA2C2AF04E00E1F765 /* Debug */ = {
			isa = XCBuildConfiguration;
			buildSettings = {
				ASSETCATALOG_COMPILER_APPICON_NAME = AppIcon;
				ASSETCATALOG_COMPILER_GLOBAL_ACCENT_COLOR_NAME = AccentColor;
				CODE_SIGN_ENTITLEMENTS = CaloriesCounter/CaloriesCounter.entitlements;
				CODE_SIGN_IDENTITY = "Apple Development";
				CODE_SIGN_STYLE = Automatic;
				CURRENT_PROJECT_VERSION = 1;
				DEVELOPMENT_ASSET_PATHS = "\"CaloriesCounter/Preview Content\"";
				DEVELOPMENT_TEAM = YXAD2TUP98;
				ENABLE_PREVIEWS = YES;
				GENERATE_INFOPLIST_FILE = YES;
				INFOPLIST_KEY_NSCameraUsageDescription = CaloriesCounter;
				INFOPLIST_KEY_UIApplicationSceneManifest_Generation = YES;
				INFOPLIST_KEY_UIApplicationSupportsIndirectInputEvents = YES;
				INFOPLIST_KEY_UILaunchScreen_Generation = YES;
				INFOPLIST_KEY_UISupportedInterfaceOrientations_iPad = "UIInterfaceOrientationPortrait UIInterfaceOrientationPortraitUpsideDown UIInterfaceOrientationLandscapeLeft UIInterfaceOrientationLandscapeRight";
				INFOPLIST_KEY_UISupportedInterfaceOrientations_iPhone = "UIInterfaceOrientationPortrait UIInterfaceOrientationLandscapeLeft UIInterfaceOrientationLandscapeRight";
				LD_RUNPATH_SEARCH_PATHS = (
					"$(inherited)",
					"@executable_path/Frameworks",
				);
				MARKETING_VERSION = 1.0;
				PRODUCT_BUNDLE_IDENTIFIER = com.classifier.app;
				PRODUCT_NAME = "$(TARGET_NAME)";
				PROVISIONING_PROFILE_SPECIFIER = "";
				SWIFT_EMIT_LOC_STRINGS = YES;
				SWIFT_VERSION = 5.0;
				TARGETED_DEVICE_FAMILY = "1,2";
			};
			name = Debug;
		};
		3268BFAB2C2AF04E00E1F765 /* Release */ = {
			isa = XCBuildConfiguration;
			buildSettings = {
				ASSETCATALOG_COMPILER_APPICON_NAME = AppIcon;
				ASSETCATALOG_COMPILER_GLOBAL_ACCENT_COLOR_NAME = AccentColor;
				CODE_SIGN_ENTITLEMENTS = CaloriesCounter/CaloriesCounter.entitlements;
				CODE_SIGN_IDENTITY = "Apple Development";
				CODE_SIGN_STYLE = Automatic;
				CURRENT_PROJECT_VERSION = 1;
				DEVELOPMENT_ASSET_PATHS = "\"CaloriesCounter/Preview Content\"";
				DEVELOPMENT_TEAM = YXAD2TUP98;
				ENABLE_PREVIEWS = YES;
				GENERATE_INFOPLIST_FILE = YES;
				INFOPLIST_KEY_NSCameraUsageDescription = CaloriesCounter;
				INFOPLIST_KEY_UIApplicationSceneManifest_Generation = YES;
				INFOPLIST_KEY_UIApplicationSupportsIndirectInputEvents = YES;
				INFOPLIST_KEY_UILaunchScreen_Generation = YES;
				INFOPLIST_KEY_UISupportedInterfaceOrientations_iPad = "UIInterfaceOrientationPortrait UIInterfaceOrientationPortraitUpsideDown UIInterfaceOrientationLandscapeLeft UIInterfaceOrientationLandscapeRight";
				INFOPLIST_KEY_UISupportedInterfaceOrientations_iPhone = "UIInterfaceOrientationPortrait UIInterfaceOrientationLandscapeLeft UIInterfaceOrientationLandscapeRight";
				LD_RUNPATH_SEARCH_PATHS = (
					"$(inherited)",
					"@executable_path/Frameworks",
				);
				MARKETING_VERSION = 1.0;
				PRODUCT_BUNDLE_IDENTIFIER = com.classifier.app;
				PRODUCT_NAME = "$(TARGET_NAME)";
				PROVISIONING_PROFILE_SPECIFIER = "";
				SWIFT_EMIT_LOC_STRINGS = YES;
				SWIFT_VERSION = 5.0;
				TARGETED_DEVICE_FAMILY = "1,2";
			};
			name = Release;
		};
/* End XCBuildConfiguration section */

/* Begin XCConfigurationList section */
		3268BF962C2AF04D00E1F765 /* Build configuration list for PBXProject "CaloriesCounter" */ = {
			isa = XCConfigurationList;
			buildConfigurations = (
				3268BFA72C2AF04E00E1F765 /* Debug */,
				3268BFA82C2AF04E00E1F765 /* Release */,
			);
			defaultConfigurationIsVisible = 0;
			defaultConfigurationName = Release;
		};
		3268BFA92C2AF04E00E1F765 /* Build configuration list for PBXNativeTarget "CaloriesCounter" */ = {
			isa = XCConfigurationList;
			buildConfigurations = (
				3268BFAA2C2AF04E00E1F765 /* Debug */,
				3268BFAB2C2AF04E00E1F765 /* Release */,
			);
			defaultConfigurationIsVisible = 0;
			defaultConfigurationName = Release;
		};
/* End XCConfigurationList section */

/* Begin XCRemoteSwiftPackageReference section */
		3268BFB82C2C5DA800E1F765 /* XCRemoteSwiftPackageReference "SwiftOpenAI" */ = {
			isa = XCRemoteSwiftPackageReference;
			repositoryURL = "https://github.com/jamesrochabrun/SwiftOpenAI";
			requirement = {
				kind = exactVersion;
				version = 3.4.0;
			};
		};
/* End XCRemoteSwiftPackageReference section */

/* Begin XCSwiftPackageProductDependency section */
		3268BFB92C2C5DA800E1F765 /* SwiftOpenAI */ = {
			isa = XCSwiftPackageProductDependency;
			package = 3268BFB82C2C5DA800E1F765 /* XCRemoteSwiftPackageReference "SwiftOpenAI" */;
			productName = SwiftOpenAI;
		};
/* End XCSwiftPackageProductDependency section */
	};
	rootObject = 3268BF932C2AF04D00E1F765 /* Project object */;
}
