{
  "originHash" : "4d5b735fb4ce761349124a905586c7ffe2d7474b2b2a43b5c210bec311d7c12f",
  "pins" : [
    {
      "identity" : "swiftopenai",
      "kind" : "remoteSourceControl",
      "location" : "https://github.com/jamesrochabrun/SwiftOpenAI",
      "state" : {
        "revision" : "6bc5fe0f6f715f3eca4ea11b85e7f9bd5e5485ce",
        "version" : "3.4.0"
      }
    }
  ],
  "version" : 3
}
